
Microsoft Visual Studio Solution File, Format Version 12.00
# Visual Studio Version 16
VisualStudioVersion = 16.0.810.3
MinimumVisualStudioVersion = 10.0.40219.1
Project("{FAE04EC0-301F-11D3-BF4B-00C04F79EFBC}") = "aspnetrun-microservices", "aspnetrun-microservices\aspnetrun-microservices.csproj", "{409FD80D-36D3-4C4F-8846-0CC571BC2FAB}"
EndProject
Global
	GlobalSection(SolutionConfigurationPlatforms) = preSolution
		Debug|Any CPU = Debug|Any CPU
		Release|Any CPU = Release|Any CPU
	EndGlobalSection
	GlobalSection(ProjectConfigurationPlatforms) = postSolution
		{409FD80D-36D3-4C4F-8846-0CC571BC2FAB}.Debug|Any CPU.ActiveCfg = Debug|Any CPU
		{409FD80D-36D3-4C4F-8846-0CC571BC2FAB}.Debug|Any CPU.Build.0 = Debug|Any CPU
		{409FD80D-36D3-4C4F-8846-0CC571BC2FAB}.Release|Any CPU.ActiveCfg = Release|Any CPU
		{409FD80D-36D3-4C4F-8846-0CC571BC2FAB}.Release|Any CPU.Build.0 = Release|Any CPU
	EndGlobalSection
	GlobalSection(SolutionProperties) = preSolution
		HideSolutionNode = FALSE
	EndGlobalSection
	GlobalSection(ExtensibilityGlobals) = postSolution
		SolutionGuid = {46243DB7-2D95-4775-97D1-9FB941A96B64}
	EndGlobalSection
EndGlobal
